
Microsoft Visual Studio Solution File, Format Version 12.00
# Visual Studio Version 17
VisualStudioVersion = 17.10.34916.146
MinimumVisualStudioVersion = 10.0.40219.1
Project("{9A19103F-16F7-4668-BE54-9A1E7A4F7556}") = "MainApp", "MainApp\MainApp.csproj", "{02FB9C04-6F2F-44EF-A775-EAB8EB013563}"
EndProject
Project("{FAE04EC0-301F-11D3-BF4B-00C04F79EFBC}") = "PaginationControl", "PaginationControl\PaginationControl.csproj", "{47DF4056-F370-4B77-98D2-A815962C7D56}"
EndProject
Global
	GlobalSection(SolutionConfigurationPlatforms) = preSolution
		Debug|Any CPU = Debug|Any CPU
		Release|Any CPU = Release|Any CPU
	EndGlobalSection
	GlobalSection(ProjectConfigurationPlatforms) = postSolution
		{02FB9C04-6F2F-44EF-A775-EAB8EB013563}.Debug|Any CPU.ActiveCfg = Debug|Any CPU
		{02FB9C04-6F2F-44EF-A775-EAB8EB013563}.Debug|Any CPU.Build.0 = Debug|Any CPU
		{02FB9C04-6F2F-44EF-A775-EAB8EB013563}.Release|Any CPU.ActiveCfg = Release|Any CPU
		{02FB9C04-6F2F-44EF-A775-EAB8EB013563}.Release|Any CPU.Build.0 = Release|Any CPU
		{47DF4056-F370-4B77-98D2-A815962C7D56}.Debug|Any CPU.ActiveCfg = Debug|Any CPU
		{47DF4056-F370-4B77-98D2-A815962C7D56}.Debug|Any CPU.Build.0 = Debug|Any CPU
		{47DF4056-F370-4B77-98D2-A815962C7D56}.Release|Any CPU.ActiveCfg = Release|Any CPU
		{47DF4056-F370-4B77-98D2-A815962C7D56}.Release|Any CPU.Build.0 = Release|Any CPU
	EndGlobalSection
	GlobalSection(SolutionProperties) = preSolution
		HideSolutionNode = FALSE
	EndGlobalSection
	GlobalSection(ExtensibilityGlobals) = postSolution
		SolutionGuid = {97E9CF68-33A0-420B-B1B1-C080B209F49D}
	EndGlobalSection
EndGlobal
